// !$*UTF8*$!
{
	archiveVersion = 1;
	classes = {
	};
	objectVersion = 48;
	objects = {

/* Begin PBXFileReference section */
		932A04301FA58DD700E552C3 /* data */ = {isa = PBXFileReference; lastKnownFileType = folder; name = data; path = ../data; sourceTree = "<group>"; };
		932A04311FA58DD700E552C3 /* t10k-labels-idx1-ubyte */ = {isa = PBXFileReference; lastKnownFileType = file; name = "t10k-labels-idx1-ubyte"; path = "../data/t10k-labels-idx1-ubyte"; sourceTree = "<group>"; };
		932A04321FA58DD700E552C3 /* util */ = {isa = PBXFileReference; lastKnownFileType = folder; name = util; path = ../util; sourceTree = "<group>"; };
		932A04331FA58DD700E552C3 /* train-images-idx3-ubyte */ = {isa = PBXFileReference; lastKnownFileType = file; name = "train-images-idx3-ubyte"; path = "../data/train-images-idx3-ubyte"; sourceTree = "<group>"; };
		932A04341FA58DD700E552C3 /* main.c */ = {isa = PBXFileReference; fileEncoding = 4; lastKnownFileType = sourcecode.c.c; name = main.c; path = ../main.c; sourceTree = "<group>"; };
		932A04351FA58DD700E552C3 /* bin */ = {isa = PBXFileReference; lastKnownFileType = folder; name = bin; path = ../bin; sourceTree = "<group>"; };
		932A04361FA58DD700E552C3 /* doc */ = {isa = PBXFileReference; lastKnownFileType = folder; name = doc; path = ../doc; sourceTree = "<group>"; };
		932A04371FA58DD800E552C3 /* 1lnn.h */ = {isa = PBXFileReference; fileEncoding = 4; lastKnownFileType = sourcecode.c.h; name = 1lnn.h; path = ../1lnn.h; sourceTree = "<group>"; };
		932A04381FA58DD800E552C3 /* train-labels-idx1-ubyte */ = {isa = PBXFileReference; lastKnownFileType = file; name = "train-labels-idx1-ubyte"; path = "../data/train-labels-idx1-ubyte"; sourceTree = "<group>"; };
		932A04391FA58DD800E552C3 /* screenshots */ = {isa = PBXFileReference; lastKnownFileType = folder; name = screenshots; path = ../screenshots; sourceTree = "<group>"; };
		932A043A1FA58DD800E552C3 /* README.md */ = {isa = PBXFileReference; fileEncoding = 4; lastKnownFileType = net.daringfireball.markdown; name = README.md; path = ../README.md; sourceTree = "<group>"; };
		932A043B1FA58DD800E552C3 /* 1lnn.c */ = {isa = PBXFileReference; fileEncoding = 4; lastKnownFileType = sourcecode.c.c; name = 1lnn.c; path = ../1lnn.c; sourceTree = "<group>"; };
		932A043C1FA58DD800E552C3 /* makefile */ = {isa = PBXFileReference; fileEncoding = 4; lastKnownFileType = sourcecode.make; name = makefile; path = ../makefile; sourceTree = "<group>"; };
		932A043D1FA58DD800E552C3 /* t10k-images-idx3-ubyte */ = {isa = PBXFileReference; lastKnownFileType = file; name = "t10k-images-idx3-ubyte"; path = "../data/t10k-images-idx3-ubyte"; sourceTree = "<group>"; };
/* End PBXFileReference section */

/* Begin PBXGroup section */
		932A04251FA58DBD00E552C3 = {
			isa = PBXGroup;
			children = (
				932A043B1FA58DD800E552C3 /* 1lnn.c */,
				932A04371FA58DD800E552C3 /* 1lnn.h */,
				932A04351FA58DD700E552C3 /* bin */,
				932A04301FA58DD700E552C3 /* data */,
				932A04361FA58DD700E552C3 /* doc */,
				932A04341FA58DD700E552C3 /* main.c */,
				932A043C1FA58DD800E552C3 /* makefile */,
				932A043A1FA58DD800E552C3 /* README.md */,
				932A04391FA58DD800E552C3 /* screenshots */,
				932A043D1FA58DD800E552C3 /* t10k-images-idx3-ubyte */,
				932A04311FA58DD700E552C3 /* t10k-labels-idx1-ubyte */,
				932A04331FA58DD700E552C3 /* train-images-idx3-ubyte */,
				932A04381FA58DD800E552C3 /* train-labels-idx1-ubyte */,
				932A04321FA58DD700E552C3 /* util */,
			);
			sourceTree = "<group>";
		};
/* End PBXGroup section */

/* Begin PBXLegacyTarget section */
		932A042A1FA58DBE00E552C3 /* 1mnist-build */ = {
			isa = PBXLegacyTarget;
			buildArgumentsString = "$(ACTION)";
			buildConfigurationList = 932A042D1FA58DBE00E552C3 /* Build configuration list for PBXLegacyTarget "1mnist-build" */;
			buildPhases = (
			);
			buildToolPath = /usr/bin/make;
			buildWorkingDirectory = "/Users/blue5/Documents/GitHub-blue5/mnist-1lnn";
			dependencies = (
			);
			name = "1mnist-build";
			passBuildSettingsInEnvironment = 1;
			productName = "1mnist-build";
		};
/* End PBXLegacyTarget section */

/* Begin PBXProject section */
		932A04261FA58DBD00E552C3 /* Project object */ = {
			isa = PBXProject;
			attributes = {
				LastUpgradeCheck = 0900;
				ORGANIZATIONNAME = blue5;
				TargetAttributes = {
					932A042A1FA58DBE00E552C3 = {
						CreatedOnToolsVersion = 9.0.1;
						ProvisioningStyle = Automatic;
					};
				};
			};
			buildConfigurationList = 932A04291FA58DBD00E552C3 /* Build configuration list for PBXProject "1mnist-build" */;
			compatibilityVersion = "Xcode 8.0";
			developmentRegion = en;
			hasScannedForEncodings = 0;
			knownRegions = (
				en,
			);
			mainGroup = 932A04251FA58DBD00E552C3;
			projectDirPath = "";
			projectRoot = "";
			targets = (
				932A042A1FA58DBE00E552C3 /* 1mnist-build */,
			);
		};
/* End PBXProject section */

/* Begin XCBuildConfiguration section */
		932A042B1FA58DBE00E552C3 /* Debug */ = {
			isa = XCBuildConfiguration;
			buildSettings = {
				ALWAYS_SEARCH_USER_PATHS = NO;
				CLANG_ANALYZER_NONNULL = YES;
				CLANG_ANALYZER_NUMBER_OBJECT_CONVERSION = YES_AGGRESSIVE;
				CLANG_CXX_LANGUAGE_STANDARD = "gnu++14";
				CLANG_CXX_LIBRARY = "libc++";
				CLANG_ENABLE_MODULES = YES;
				CLANG_ENABLE_OBJC_ARC = YES;
				CLANG_WARN_BLOCK_CAPTURE_AUTORELEASING = YES;
				CLANG_WARN_BOOL_CONVERSION = YES;
				CLANG_WARN_COMMA = YES;
				CLANG_WARN_CONSTANT_CONVERSION = YES;
				CLANG_WARN_DIRECT_OBJC_ISA_USAGE = YES_ERROR;
				CLANG_WARN_DOCUMENTATION_COMMENTS = YES;
				CLANG_WARN_EMPTY_BODY = YES;
				CLANG_WARN_ENUM_CONVERSION = YES;
				CLANG_WARN_INFINITE_RECURSION = YES;
				CLANG_WARN_INT_CONVERSION = YES;
				CLANG_WARN_NON_LITERAL_NULL_CONVERSION = YES;
				CLANG_WARN_OBJC_LITERAL_CONVERSION = YES;
				CLANG_WARN_OBJC_ROOT_CLASS = YES_ERROR;
				CLANG_WARN_RANGE_LOOP_ANALYSIS = YES;
				CLANG_WARN_STRICT_PROTOTYPES = YES;
				CLANG_WARN_SUSPICIOUS_MOVE = YES;
				CLANG_WARN_UNGUARDED_AVAILABILITY = YES_AGGRESSIVE;
				CLANG_WARN_UNREACHABLE_CODE = YES;
				CLANG_WARN__DUPLICATE_METHOD_MATCH = YES;
				COPY_PHASE_STRIP = NO;
				DEBUG_INFORMATION_FORMAT = dwarf;
				ENABLE_STRICT_OBJC_MSGSEND = YES;
				ENABLE_TESTABILITY = YES;
				GCC_C_LANGUAGE_STANDARD = gnu11;
				GCC_DYNAMIC_NO_PIC = NO;
				GCC_NO_COMMON_BLOCKS = YES;
				GCC_OPTIMIZATION_LEVEL = 0;
				GCC_PREPROCESSOR_DEFINITIONS = (
					"DEBUG=1",
					"$(inherited)",
				);
				GCC_WARN_64_TO_32_BIT_CONVERSION = YES;
				GCC_WARN_ABOUT_RETURN_TYPE = YES_ERROR;
				GCC_WARN_UNDECLARED_SELECTOR = YES;
				GCC_WARN_UNINITIALIZED_AUTOS = YES_AGGRESSIVE;
				GCC_WARN_UNUSED_FUNCTION = YES;
				GCC_WARN_UNUSED_VARIABLE = YES;
				MTL_ENABLE_DEBUG_INFO = YES;
				ONLY_ACTIVE_ARCH = YES;
			};
			name = Debug;
		};
		932A042C1FA58DBE00E552C3 /* Release */ = {
			isa = XCBuildConfiguration;
			buildSettings = {
				ALWAYS_SEARCH_USER_PATHS = NO;
				CLANG_ANALYZER_NONNULL = YES;
				CLANG_ANALYZER_NUMBER_OBJECT_CONVERSION = YES_AGGRESSIVE;
				CLANG_CXX_LANGUAGE_STANDARD = "gnu++14";
				CLANG_CXX_LIBRARY = "libc++";
				CLANG_ENABLE_MODULES = YES;
				CLANG_ENABLE_OBJC_ARC = YES;
				CLANG_WARN_BLOCK_CAPTURE_AUTORELEASING = YES;
				CLANG_WARN_BOOL_CONVERSION = YES;
				CLANG_WARN_COMMA = YES;
				CLANG_WARN_CONSTANT_CONVERSION = YES;
				CLANG_WARN_DIRECT_OBJC_ISA_USAGE = YES_ERROR;
				CLANG_WARN_DOCUMENTATION_COMMENTS = YES;
				CLANG_WARN_EMPTY_BODY = YES;
				CLANG_WARN_ENUM_CONVERSION = YES;
				CLANG_WARN_INFINITE_RECURSION = YES;
				CLANG_WARN_INT_CONVERSION = YES;
				CLANG_WARN_NON_LITERAL_NULL_CONVERSION = YES;
				CLANG_WARN_OBJC_LITERAL_CONVERSION = YES;
				CLANG_WARN_OBJC_ROOT_CLASS = YES_ERROR;
				CLANG_WARN_RANGE_LOOP_ANALYSIS = YES;
				CLANG_WARN_STRICT_PROTOTYPES = YES;
				CLANG_WARN_SUSPICIOUS_MOVE = YES;
				CLANG_WARN_UNGUARDED_AVAILABILITY = YES_AGGRESSIVE;
				CLANG_WARN_UNREACHABLE_CODE = YES;
				CLANG_WARN__DUPLICATE_METHOD_MATCH = YES;
				COPY_PHASE_STRIP = NO;
				DEBUG_INFORMATION_FORMAT = "dwarf-with-dsym";
				ENABLE_NS_ASSERTIONS = NO;
				ENABLE_STRICT_OBJC_MSGSEND = YES;
				GCC_C_LANGUAGE_STANDARD = gnu11;
				GCC_NO_COMMON_BLOCKS = YES;
				GCC_WARN_64_TO_32_BIT_CONVERSION = YES;
				GCC_WARN_ABOUT_RETURN_TYPE = YES_ERROR;
				GCC_WARN_UNDECLARED_SELECTOR = YES;
				GCC_WARN_UNINITIALIZED_AUTOS = YES_AGGRESSIVE;
				GCC_WARN_UNUSED_FUNCTION = YES;
				GCC_WARN_UNUSED_VARIABLE = YES;
				MTL_ENABLE_DEBUG_INFO = NO;
			};
			name = Release;
		};
		932A042E1FA58DBE00E552C3 /* Debug */ = {
			isa = XCBuildConfiguration;
			buildSettings = {
				CODE_SIGN_STYLE = Automatic;
				DEBUGGING_SYMBOLS = YES;
				DEBUG_INFORMATION_FORMAT = dwarf;
				DEVELOPMENT_TEAM = 546F74TH4Y;
				GCC_GENERATE_DEBUGGING_SYMBOLS = YES;
				GCC_OPTIMIZATION_LEVEL = 0;
				OTHER_CFLAGS = "";
				OTHER_LDFLAGS = "";
				PRODUCT_NAME = "$(TARGET_NAME)";
			};
			name = Debug;
		};
		932A042F1FA58DBE00E552C3 /* Release */ = {
			isa = XCBuildConfiguration;
			buildSettings = {
				CODE_SIGN_STYLE = Automatic;
				DEBUG_INFORMATION_FORMAT = "dwarf-with-dsym";
				DEVELOPMENT_TEAM = 546F74TH4Y;
				OTHER_CFLAGS = "";
				OTHER_LDFLAGS = "";
				PRODUCT_NAME = "$(TARGET_NAME)";
			};
			name = Release;
		};
/* End XCBuildConfiguration section */

/* Begin XCConfigurationList section */
		932A04291FA58DBD00E552C3 /* Build configuration list for PBXProject "1mnist-build" */ = {
			isa = XCConfigurationList;
			buildConfigurations = (
				932A042B1FA58DBE00E552C3 /* Debug */,
				932A042C1FA58DBE00E552C3 /* Release */,
			);
			defaultConfigurationIsVisible = 0;
			defaultConfigurationName = Release;
		};
		932A042D1FA58DBE00E552C3 /* Build configuration list for PBXLegacyTarget "1mnist-build" */ = {
			isa = XCConfigurationList;
			buildConfigurations = (
				932A042E1FA58DBE00E552C3 /* Debug */,
				932A042F1FA58DBE00E552C3 /* Release */,
			);
			defaultConfigurationIsVisible = 0;
			defaultConfigurationName = Release;
		};
/* End XCConfigurationList section */
	};
	rootObject = 932A04261FA58DBD00E552C3 /* Project object */;
}
